
Microsoft Visual Studio Solution File, Format Version 12.00
# Visual Studio Version 16
VisualStudioVersion = 16.0.29319.158
MinimumVisualStudioVersion = 10.0.40219.1
Project("{00D1A9C2-B5F0-4AF3-8072-F6C62B433612}") = "Database", "Database\Database.sqlproj", "{B2EF8FDB-9570-4837-B15A-14BF59FC0F26}"
EndProject
Global
	GlobalSection(SolutionConfigurationPlatforms) = preSolution
		Debug|Any CPU = Debug|Any CPU
		Release|Any CPU = Release|Any CPU
	EndGlobalSection
	GlobalSection(ProjectConfigurationPlatforms) = postSolution
		{B2EF8FDB-9570-4837-B15A-14BF59FC0F26}.Debug|Any CPU.ActiveCfg = Debug|Any CPU
		{B2EF8FDB-9570-4837-B15A-14BF59FC0F26}.Debug|Any CPU.Build.0 = Debug|Any CPU
		{B2EF8FDB-9570-4837-B15A-14BF59FC0F26}.Debug|Any CPU.Deploy.0 = Debug|Any CPU
		{B2EF8FDB-9570-4837-B15A-14BF59FC0F26}.Release|Any CPU.ActiveCfg = Release|Any CPU
		{B2EF8FDB-9570-4837-B15A-14BF59FC0F26}.Release|Any CPU.Build.0 = Release|Any CPU
		{B2EF8FDB-9570-4837-B15A-14BF59FC0F26}.Release|Any CPU.Deploy.0 = Release|Any CPU
	EndGlobalSection
	GlobalSection(SolutionProperties) = preSolution
		HideSolutionNode = FALSE
	EndGlobalSection
	GlobalSection(ExtensibilityGlobals) = postSolution
		SolutionGuid = {E3638358-5401-4417-95C4-4C753FB25571}
	EndGlobalSection
EndGlobal
